lockfileVersion: 5.3

specifiers:
  '@rush-temp/common-styles-v1': file:./projects/common-styles-v1.tgz

dependencies:
  '@rush-temp/common-styles-v1': file:projects/common-styles-v1.tgz

packages:

  file:projects/common-styles-v1.tgz:
    resolution: {integrity: sha512-bw8j8fzZstdoK3TOJqqRFdqLjnzOD3l6oK8sXwtOeq/hMxkZqbxjpOkBW+2XOwniUkW/nnSD9Ej6LKciXAbIlQ==, tarball: file:projects/common-styles-v1.tgz}
    name: '@rush-temp/common-styles-v1'
    version: 0.0.0
    dev: false
